
Microsoft Visual Studio Solution File, Format Version 11.00
# Visual Studio 2010
Project("{8BC9CEB8-8B4A-11D0-8D11-00A0C91BC942}") = "SetupStub", "setup.vcxproj", "{FCD9DB8F-B624-0282-E915-4F692B525297}"
EndProject
Global
	GlobalSection(SolutionConfigurationPlatforms) = preSolution
		Full|Win32 = Full|Win32
		Full|x64 = Full|x64
		Lite|Win32 = Lite|Win32
		Lite|x64 = Lite|x64
	EndGlobalSection
	GlobalSection(ProjectConfigurationPlatforms) = postSolution
		{FCD9DB8F-B624-0282-E915-4F692B525297}.Full|Win32.ActiveCfg = Full|Win32
		{FCD9DB8F-B624-0282-E915-4F692B525297}.Full|Win32.Build.0 = Full|Win32
		{FCD9DB8F-B624-0282-E915-4F692B525297}.Full|x64.ActiveCfg = Full|x64
		{FCD9DB8F-B624-0282-E915-4F692B525297}.Full|x64.Build.0 = Full|x64
		{FCD9DB8F-B624-0282-E915-4F692B525297}.Lite|Win32.ActiveCfg = Lite|Win32
		{FCD9DB8F-B624-0282-E915-4F692B525297}.Lite|Win32.Build.0 = Lite|Win32
		{FCD9DB8F-B624-0282-E915-4F692B525297}.Lite|x64.ActiveCfg = Lite|x64
		{FCD9DB8F-B624-0282-E915-4F692B525297}.Lite|x64.Build.0 = Lite|x64
	EndGlobalSection
	GlobalSection(SolutionProperties) = preSolution
		HideSolutionNode = FALSE
	EndGlobalSection
EndGlobal
